{
  "name": "sloproxy",
  "version": "0.8.0",
  "lockfileVersion": 3,
  "requires": true,
  "packages": {
    "": {
      "name": "sloproxy",
      "version": "0.8.0",
      "license": "GPL-2.0-or-later",
      "bin": {
        "sloproxy": "bin/sloproxy.mjs"
      },
      "engines": {
        "node": ">=20"
      }
    }
  }
}
